// !$*UTF8*$!
{
	archiveVersion = 1;
	classes = {
	};
	objectVersion = 55;
	objects = {

/* Begin PBXBuildFile section */
		6279F19B287BAF5100BDF9F8 /* AppDelegate.swift in Sources */ = {isa = PBXBuildFile; fileRef = 6279F19A287BAF5100BDF9F8 /* AppDelegate.swift */; };
		6279F19D287BAF5100BDF9F8 /* SceneDelegate.swift in Sources */ = {isa = PBXBuildFile; fileRef = 6279F19C287BAF5100BDF9F8 /* SceneDelegate.swift */; };
		6279F19F287BAF5100BDF9F8 /* ViewController.swift in Sources */ = {isa = PBXBuildFile; fileRef = 6279F19E287BAF5100BDF9F8 /* ViewController.swift */; };
		6279F1A2287BAF5100BDF9F8 /* Main.storyboard in Resources */ = {isa = PBXBuildFile; fileRef = 6279F1A0287BAF5100BDF9F8 /* Main.storyboard */; };
		6279F1A4287BAF5500BDF9F8 /* Assets.xcassets in Resources */ = {isa = PBXBuildFile; fileRef = 6279F1A3287BAF5500BDF9F8 /* Assets.xcassets */; };
		6279F1A7287BAF5500BDF9F8 /* LaunchScreen.storyboard in Resources */ = {isa = PBXBuildFile; fileRef = 6279F1A5287BAF5500BDF9F8 /* LaunchScreen.storyboard */; };
		6279F1B2287BAF5500BDF9F8 /* SkyTests.swift in Sources */ = {isa = PBXBuildFile; fileRef = 6279F1B1287BAF5500BDF9F8 /* SkyTests.swift */; };
		6279F1BC287BAF5500BDF9F8 /* SkyUITests.swift in Sources */ = {isa = PBXBuildFile; fileRef = 6279F1BB287BAF5500BDF9F8 /* SkyUITests.swift */; };
		6279F1BE287BAF5500BDF9F8 /* SkyUITestsLaunchTests.swift in Sources */ = {isa = PBXBuildFile; fileRef = 6279F1BD287BAF5500BDF9F8 /* SkyUITestsLaunchTests.swift */; };
/* End PBXBuildFile section */

/* Begin PBXContainerItemProxy section */
		6279F1AE287BAF5500BDF9F8 /* PBXContainerItemProxy */ = {
			isa = PBXContainerItemProxy;
			containerPortal = 6279F18F287BAF5100BDF9F8 /* Project object */;
			proxyType = 1;
			remoteGlobalIDString = 6279F196287BAF5100BDF9F8;
			remoteInfo = Sky;
		};
		6279F1B8287BAF5500BDF9F8 /* PBXContainerItemProxy */ = {
			isa = PBXContainerItemProxy;
			containerPortal = 6279F18F287BAF5100BDF9F8 /* Project object */;
			proxyType = 1;
			remoteGlobalIDString = 6279F196287BAF5100BDF9F8;
			remoteInfo = Sky;
		};
/* End PBXContainerItemProxy section */

/* Begin PBXFileReference section */
		6279F197287BAF5100BDF9F8 /* Sky.app */ = {isa = PBXFileReference; explicitFileType = wrapper.application; includeInIndex = 0; path = Sky.app; sourceTree = BUILT_PRODUCTS_DIR; };
		6279F19A287BAF5100BDF9F8 /* AppDelegate.swift */ = {isa = PBXFileReference; lastKnownFileType = sourcecode.swift; path = AppDelegate.swift; sourceTree = "<group>"; };
		6279F19C287BAF5100BDF9F8 /* SceneDelegate.swift */ = {isa = PBXFileReference; lastKnownFileType = sourcecode.swift; path = SceneDelegate.swift; sourceTree = "<group>"; };
		6279F19E287BAF5100BDF9F8 /* ViewController.swift */ = {isa = PBXFileReference; lastKnownFileType = sourcecode.swift; path = ViewController.swift; sourceTree = "<group>"; };
		6279F1A1287BAF5100BDF9F8 /* Base */ = {isa = PBXFileReference; lastKnownFileType = file.storyboard; name = Base; path = Base.lproj/Main.storyboard; sourceTree = "<group>"; };
		6279F1A3287BAF5500BDF9F8 /* Assets.xcassets */ = {isa = PBXFileReference; lastKnownFileType = folder.assetcatalog; path = Assets.xcassets; sourceTree = "<group>"; };
		6279F1A6287BAF5500BDF9F8 /* Base */ = {isa = PBXFileReference; lastKnownFileType = file.storyboard; name = Base; path = Base.lproj/LaunchScreen.storyboard; sourceTree = "<group>"; };
		6279F1A8287BAF5500BDF9F8 /* Info.plist */ = {isa = PBXFileReference; lastKnownFileType = text.plist.xml; path = Info.plist; sourceTree = "<group>"; };
		6279F1AD287BAF5500BDF9F8 /* SkyTests.xctest */ = {isa = PBXFileReference; explicitFileType = wrapper.cfbundle; includeInIndex = 0; path = SkyTests.xctest; sourceTree = BUILT_PRODUCTS_DIR; };
		6279F1B1287BAF5500BDF9F8 /* SkyTests.swift */ = {isa = PBXFileReference; lastKnownFileType = sourcecode.swift; path = SkyTests.swift; sourceTree = "<group>"; };
		6279F1B7287BAF5500BDF9F8 /* SkyUITests.xctest */ = {isa = PBXFileReference; explicitFileType = wrapper.cfbundle; includeInIndex = 0; path = SkyUITests.xctest; sourceTree = BUILT_PRODUCTS_DIR; };
		6279F1BB287BAF5500BDF9F8 /* SkyUITests.swift */ = {isa = PBXFileReference; lastKnownFileType = sourcecode.swift; path = SkyUITests.swift; sourceTree = "<group>"; };
		6279F1BD287BAF5500BDF9F8 /* SkyUITestsLaunchTests.swift */ = {isa = PBXFileReference; lastKnownFileType = sourcecode.swift; path = SkyUITestsLaunchTests.swift; sourceTree = "<group>"; };
/* End PBXFileReference section */

/* Begin PBXFrameworksBuildPhase section */
		6279F194287BAF5100BDF9F8 /* Frameworks */ = {
			isa = PBXFrameworksBuildPhase;
			buildActionMask = 2147483647;
			files = (
			);
			runOnlyForDeploymentPostprocessing = 0;
		};
		6279F1AA287BAF5500BDF9F8 /* Frameworks */ = {
			isa = PBXFrameworksBuildPhase;
			buildActionMask = 2147483647;
			files = (
			);
			runOnlyForDeploymentPostprocessing = 0;
		};
		6279F1B4287BAF5500BDF9F8 /* Frameworks */ = {
			isa = PBXFrameworksBuildPhase;
			buildActionMask = 2147483647;
			files = (
			);
			runOnlyForDeploymentPostprocessing = 0;
		};
/* End PBXFrameworksBuildPhase section */

/* Begin PBXGroup section */
		6279F18E287BAF5100BDF9F8 = {
			isa = PBXGroup;
			children = (
				6279F199287BAF5100BDF9F8 /* Sky */,
				6279F1B0287BAF5500BDF9F8 /* SkyTests */,
				6279F1BA287BAF5500BDF9F8 /* SkyUITests */,
				6279F198287BAF5100BDF9F8 /* Products */,
			);
			sourceTree = "<group>";
		};
		6279F198287BAF5100BDF9F8 /* Products */ = {
			isa = PBXGroup;
			children = (
				6279F197287BAF5100BDF9F8 /* Sky.app */,
				6279F1AD287BAF5500BDF9F8 /* SkyTests.xctest */,
				6279F1B7287BAF5500BDF9F8 /* SkyUITests.xctest */,
			);
			name = Products;
			sourceTree = "<group>";
		};
		6279F199287BAF5100BDF9F8 /* Sky */ = {
			isa = PBXGroup;
			children = (
				6279F19A287BAF5100BDF9F8 /* AppDelegate.swift */,
				6279F19C287BAF5100BDF9F8 /* SceneDelegate.swift */,
				6279F19E287BAF5100BDF9F8 /* ViewController.swift */,
				6279F1A0287BAF5100BDF9F8 /* Main.storyboard */,
				6279F1A3287BAF5500BDF9F8 /* Assets.xcassets */,
				6279F1A5287BAF5500BDF9F8 /* LaunchScreen.storyboard */,
				6279F1A8287BAF5500BDF9F8 /* Info.plist */,
			);
			path = Sky;
			sourceTree = "<group>";
		};
		6279F1B0287BAF5500BDF9F8 /* SkyTests */ = {
			isa = PBXGroup;
			children = (
				6279F1B1287BAF5500BDF9F8 /* SkyTests.swift */,
			);
			path = SkyTests;
			sourceTree = "<group>";
		};
		6279F1BA287BAF5500BDF9F8 /* SkyUITests */ = {
			isa = PBXGroup;
			children = (
				6279F1BB287BAF5500BDF9F8 /* SkyUITests.swift */,
				6279F1BD287BAF5500BDF9F8 /* SkyUITestsLaunchTests.swift */,
			);
			path = SkyUITests;
			sourceTree = "<group>";
		};
/* End PBXGroup section */

/* Begin PBXNativeTarget section */
		6279F196287BAF5100BDF9F8 /* Sky */ = {
			isa = PBXNativeTarget;
			buildConfigurationList = 6279F1C1287BAF5500BDF9F8 /* Build configuration list for PBXNativeTarget "Sky" */;
			buildPhases = (
				6279F193287BAF5100BDF9F8 /* Sources */,
				6279F194287BAF5100BDF9F8 /* Frameworks */,
				6279F195287BAF5100BDF9F8 /* Resources */,
			);
			buildRules = (
			);
			dependencies = (
			);
			name = Sky;
			productName = Sky;
			productReference = 6279F197287BAF5100BDF9F8 /* Sky.app */;
			productType = "com.apple.product-type.application";
		};
		6279F1AC287BAF5500BDF9F8 /* SkyTests */ = {
			isa = PBXNativeTarget;
			buildConfigurationList = 6279F1C4287BAF5500BDF9F8 /* Build configuration list for PBXNativeTarget "SkyTests" */;
			buildPhases = (
				6279F1A9287BAF5500BDF9F8 /* Sources */,
				6279F1AA287BAF5500BDF9F8 /* Frameworks */,
				6279F1AB287BAF5500BDF9F8 /* Resources */,
			);
			buildRules = (
			);
			dependencies = (
				6279F1AF287BAF5500BDF9F8 /* PBXTargetDependency */,
			);
			name = SkyTests;
			productName = SkyTests;
			productReference = 6279F1AD287BAF5500BDF9F8 /* SkyTests.xctest */;
			productType = "com.apple.product-type.bundle.unit-test";
		};
		6279F1B6287BAF5500BDF9F8 /* SkyUITests */ = {
			isa = PBXNativeTarget;
			buildConfigurationList = 6279F1C7287BAF5500BDF9F8 /* Build configuration list for PBXNativeTarget "SkyUITests" */;
			buildPhases = (
				6279F1B3287BAF5500BDF9F8 /* Sources */,
				6279F1B4287BAF5500BDF9F8 /* Frameworks */,
				6279F1B5287BAF5500BDF9F8 /* Resources */,
			);
			buildRules = (
			);
			dependencies = (
				6279F1B9287BAF5500BDF9F8 /* PBXTargetDependency */,
			);
			name = SkyUITests;
			productName = SkyUITests;
			productReference = 6279F1B7287BAF5500BDF9F8 /* SkyUITests.xctest */;
			productType = "com.apple.product-type.bundle.ui-testing";
		};
/* End PBXNativeTarget section */

/* Begin PBXProject section */
		6279F18F287BAF5100BDF9F8 /* Project object */ = {
			isa = PBXProject;
			attributes = {
				BuildIndependentTargetsInParallel = 1;
				LastSwiftUpdateCheck = 1340;
				LastUpgradeCheck = 1340;
				TargetAttributes = {
					6279F196287BAF5100BDF9F8 = {
						CreatedOnToolsVersion = 13.4.1;
					};
					6279F1AC287BAF5500BDF9F8 = {
						CreatedOnToolsVersion = 13.4.1;
						TestTargetID = 6279F196287BAF5100BDF9F8;
					};
					6279F1B6287BAF5500BDF9F8 = {
						CreatedOnToolsVersion = 13.4.1;
						TestTargetID = 6279F196287BAF5100BDF9F8;
					};
				};
			};
			buildConfigurationList = 6279F192287BAF5100BDF9F8 /* Build configuration list for PBXProject "Sky" */;
			compatibilityVersion = "Xcode 13.0";
			developmentRegion = en;
			hasScannedForEncodings = 0;
			knownRegions = (
				en,
				Base,
			);
			mainGroup = 6279F18E287BAF5100BDF9F8;
			productRefGroup = 6279F198287BAF5100BDF9F8 /* Products */;
			projectDirPath = "";
			projectRoot = "";
			targets = (
				6279F196287BAF5100BDF9F8 /* Sky */,
				6279F1AC287BAF5500BDF9F8 /* SkyTests */,
				6279F1B6287BAF5500BDF9F8 /* SkyUITests */,
			);
		};
/* End PBXProject section */

/* Begin PBXResourcesBuildPhase section */
		6279F195287BAF5100BDF9F8 /* Resources */ = {
			isa = PBXResourcesBuildPhase;
			buildActionMask = 2147483647;
			files = (
				6279F1A7287BAF5500BDF9F8 /* LaunchScreen.storyboard in Resources */,
				6279F1A4287BAF5500BDF9F8 /* Assets.xcassets in Resources */,
				6279F1A2287BAF5100BDF9F8 /* Main.storyboard in Resources */,
			);
			runOnlyForDeploymentPostprocessing = 0;
		};
		6279F1AB287BAF5500BDF9F8 /* Resources */ = {
			isa = PBXResourcesBuildPhase;
			buildActionMask = 2147483647;
			files = (
			);
			runOnlyForDeploymentPostprocessing = 0;
		};
		6279F1B5287BAF5500BDF9F8 /* Resources */ = {
			isa = PBXResourcesBuildPhase;
			buildActionMask = 2147483647;
			files = (
			);
			runOnlyForDeploymentPostprocessing = 0;
		};
/* End PBXResourcesBuildPhase section */

/* Begin PBXSourcesBuildPhase section */
		6279F193287BAF5100BDF9F8 /* Sources */ = {
			isa = PBXSourcesBuildPhase;
			buildActionMask = 2147483647;
			files = (
				6279F19F287BAF5100BDF9F8 /* ViewController.swift in Sources */,
				6279F19B287BAF5100BDF9F8 /* AppDelegate.swift in Sources */,
				6279F19D287BAF5100BDF9F8 /* SceneDelegate.swift in Sources */,
			);
			runOnlyForDeploymentPostprocessing = 0;
		};
		6279F1A9287BAF5500BDF9F8 /* Sources */ = {
			isa = PBXSourcesBuildPhase;
			buildActionMask = 2147483647;
			files = (
				6279F1B2287BAF5500BDF9F8 /* SkyTests.swift in Sources */,
			);
			runOnlyForDeploymentPostprocessing = 0;
		};
		6279F1B3287BAF5500BDF9F8 /* Sources */ = {
			isa = PBXSourcesBuildPhase;
			buildActionMask = 2147483647;
			files = (
				6279F1BE287BAF5500BDF9F8 /* SkyUITestsLaunchTests.swift in Sources */,
				6279F1BC287BAF5500BDF9F8 /* SkyUITests.swift in Sources */,
			);
			runOnlyForDeploymentPostprocessing = 0;
		};
/* End PBXSourcesBuildPhase section */

/* Begin PBXTargetDependency section */
		6279F1AF287BAF5500BDF9F8 /* PBXTargetDependency */ = {
			isa = PBXTargetDependency;
			target = 6279F196287BAF5100BDF9F8 /* Sky */;
			targetProxy = 6279F1AE287BAF5500BDF9F8 /* PBXContainerItemProxy */;
		};
		6279F1B9287BAF5500BDF9F8 /* PBXTargetDependency */ = {
			isa = PBXTargetDependency;
			target = 6279F196287BAF5100BDF9F8 /* Sky */;
			targetProxy = 6279F1B8287BAF5500BDF9F8 /* PBXContainerItemProxy */;
		};
/* End PBXTargetDependency section */

/* Begin PBXVariantGroup section */
		6279F1A0287BAF5100BDF9F8 /* Main.storyboard */ = {
			isa = PBXVariantGroup;
			children = (
				6279F1A1287BAF5100BDF9F8 /* Base */,
			);
			name = Main.storyboard;
			sourceTree = "<group>";
		};
		6279F1A5287BAF5500BDF9F8 /* LaunchScreen.storyboard */ = {
			isa = PBXVariantGroup;
			children = (
				6279F1A6287BAF5500BDF9F8 /* Base */,
			);
			name = LaunchScreen.storyboard;
			sourceTree = "<group>";
		};
/* End PBXVariantGroup section */

/* Begin XCBuildConfiguration section */
		6279F1BF287BAF5500BDF9F8 /* Debug */ = {
			isa = XCBuildConfiguration;
			buildSettings = {
				ALWAYS_SEARCH_USER_PATHS = NO;
				CLANG_ANALYZER_NONNULL = YES;
				CLANG_ANALYZER_NUMBER_OBJECT_CONVERSION = YES_AGGRESSIVE;
				CLANG_CXX_LANGUAGE_STANDARD = "gnu++17";
				CLANG_ENABLE_MODULES = YES;
				CLANG_ENABLE_OBJC_ARC = YES;
				CLANG_ENABLE_OBJC_WEAK = YES;
				CLANG_WARN_BLOCK_CAPTURE_AUTORELEASING = YES;
				CLANG_WARN_BOOL_CONVERSION = YES;
				CLANG_WARN_COMMA = YES;
				CLANG_WARN_CONSTANT_CONVERSION = YES;
				CLANG_WARN_DEPRECATED_OBJC_IMPLEMENTATIONS = YES;
				CLANG_WARN_DIRECT_OBJC_ISA_USAGE = YES_ERROR;
				CLANG_WARN_DOCUMENTATION_COMMENTS = YES;
				CLANG_WARN_EMPTY_BODY = YES;
				CLANG_WARN_ENUM_CONVERSION = YES;
				CLANG_WARN_INFINITE_RECURSION = YES;
				CLANG_WARN_INT_CONVERSION = YES;
				CLANG_WARN_NON_LITERAL_NULL_CONVERSION = YES;
				CLANG_WARN_OBJC_IMPLICIT_RETAIN_SELF = YES;
				CLANG_WARN_OBJC_LITERAL_CONVERSION = YES;
				CLANG_WARN_OBJC_ROOT_CLASS = YES_ERROR;
				CLANG_WARN_QUOTED_INCLUDE_IN_FRAMEWORK_HEADER = YES;
				CLANG_WARN_RANGE_LOOP_ANALYSIS = YES;
				CLANG_WARN_STRICT_PROTOTYPES = YES;
				CLANG_WARN_SUSPICIOUS_MOVE = YES;
				CLANG_WARN_UNGUARDED_AVAILABILITY = YES_AGGRESSIVE;
				CLANG_WARN_UNREACHABLE_CODE = YES;
				CLANG_WARN__DUPLICATE_METHOD_MATCH = YES;
				COPY_PHASE_STRIP = NO;
				DEBUG_INFORMATION_FORMAT = dwarf;
				ENABLE_STRICT_OBJC_MSGSEND = YES;
				ENABLE_TESTABILITY = YES;
				GCC_C_LANGUAGE_STANDARD = gnu11;
				GCC_DYNAMIC_NO_PIC = NO;
				GCC_NO_COMMON_BLOCKS = YES;
				GCC_OPTIMIZATION_LEVEL = 0;
				GCC_PREPROCESSOR_DEFINITIONS = (
					"DEBUG=1",
					"$(inherited)",
				);
				GCC_WARN_64_TO_32_BIT_CONVERSION = YES;
				GCC_WARN_ABOUT_RETURN_TYPE = YES_ERROR;
				GCC_WARN_UNDECLARED_SELECTOR = YES;
				GCC_WARN_UNINITIALIZED_AUTOS = YES_AGGRESSIVE;
				GCC_WARN_UNUSED_FUNCTION = YES;
				GCC_WARN_UNUSED_VARIABLE = YES;
				IPHONEOS_DEPLOYMENT_TARGET = 15.5;
				MTL_ENABLE_DEBUG_INFO = INCLUDE_SOURCE;
				MTL_FAST_MATH = YES;
				ONLY_ACTIVE_ARCH = YES;
				SDKROOT = iphoneos;
				SWIFT_ACTIVE_COMPILATION_CONDITIONS = DEBUG;
				SWIFT_OPTIMIZATION_LEVEL = "-Onone";
			};
			name = Debug;
		};
		6279F1C0287BAF5500BDF9F8 /* Release */ = {
			isa = XCBuildConfiguration;
			buildSettings = {
				ALWAYS_SEARCH_USER_PATHS = NO;
				CLANG_ANALYZER_NONNULL = YES;
				CLANG_ANALYZER_NUMBER_OBJECT_CONVERSION = YES_AGGRESSIVE;
				CLANG_CXX_LANGUAGE_STANDARD = "gnu++17";
				CLANG_ENABLE_MODULES = YES;
				CLANG_ENABLE_OBJC_ARC = YES;
				CLANG_ENABLE_OBJC_WEAK = YES;
				CLANG_WARN_BLOCK_CAPTURE_AUTORELEASING = YES;
				CLANG_WARN_BOOL_CONVERSION = YES;
				CLANG_WARN_COMMA = YES;
				CLANG_WARN_CONSTANT_CONVERSION = YES;
				CLANG_WARN_DEPRECATED_OBJC_IMPLEMENTATIONS = YES;
				CLANG_WARN_DIRECT_OBJC_ISA_USAGE = YES_ERROR;
				CLANG_WARN_DOCUMENTATION_COMMENTS = YES;
				CLANG_WARN_EMPTY_BODY = YES;
				CLANG_WARN_ENUM_CONVERSION = YES;
				CLANG_WARN_INFINITE_RECURSION = YES;
				CLANG_WARN_INT_CONVERSION = YES;
				CLANG_WARN_NON_LITERAL_NULL_CONVERSION = YES;
				CLANG_WARN_OBJC_IMPLICIT_RETAIN_SELF = YES;
				CLANG_WARN_OBJC_LITERAL_CONVERSION = YES;
				CLANG_WARN_OBJC_ROOT_CLASS = YES_ERROR;
				CLANG_WARN_QUOTED_INCLUDE_IN_FRAMEWORK_HEADER = YES;
				CLANG_WARN_RANGE_LOOP_ANALYSIS = YES;
				CLANG_WARN_STRICT_PROTOTYPES = YES;
				CLANG_WARN_SUSPICIOUS_MOVE = YES;
				CLANG_WARN_UNGUARDED_AVAILABILITY = YES_AGGRESSIVE;
				CLANG_WARN_UNREACHABLE_CODE = YES;
				CLANG_WARN__DUPLICATE_METHOD_MATCH = YES;
				COPY_PHASE_STRIP = NO;
				DEBUG_INFORMATION_FORMAT = "dwarf-with-dsym";
				ENABLE_NS_ASSERTIONS = NO;
				ENABLE_STRICT_OBJC_MSGSEND = YES;
				GCC_C_LANGUAGE_STANDARD = gnu11;
				GCC_NO_COMMON_BLOCKS = YES;
				GCC_WARN_64_TO_32_BIT_CONVERSION = YES;
				GCC_WARN_ABOUT_RETURN_TYPE = YES_ERROR;
				GCC_WARN_UNDECLARED_SELECTOR = YES;
				GCC_WARN_UNINITIALIZED_AUTOS = YES_AGGRESSIVE;
				GCC_WARN_UNUSED_FUNCTION = YES;
				GCC_WARN_UNUSED_VARIABLE = YES;
				IPHONEOS_DEPLOYMENT_TARGET = 15.5;
				MTL_ENABLE_DEBUG_INFO = NO;
				MTL_FAST_MATH = YES;
				SDKROOT = iphoneos;
				SWIFT_COMPILATION_MODE = wholemodule;
				SWIFT_OPTIMIZATION_LEVEL = "-O";
				VALIDATE_PRODUCT = YES;
			};
			name = Release;
		};
		6279F1C2287BAF5500BDF9F8 /* Debug */ = {
			isa = XCBuildConfiguration;
			buildSettings = {
				ASSETCATALOG_COMPILER_APPICON_NAME = AppIcon;
				ASSETCATALOG_COMPILER_GLOBAL_ACCENT_COLOR_NAME = AccentColor;
				CODE_SIGN_STYLE = Automatic;
				CURRENT_PROJECT_VERSION = 1;
				DEVELOPMENT_TEAM = VSXCE62LRG;
				GENERATE_INFOPLIST_FILE = YES;
				INFOPLIST_FILE = Sky/Info.plist;
				INFOPLIST_KEY_UIApplicationSupportsIndirectInputEvents = YES;
				INFOPLIST_KEY_UILaunchStoryboardName = LaunchScreen;
				INFOPLIST_KEY_UIMainStoryboardFile = Main;
				INFOPLIST_KEY_UISupportedInterfaceOrientations_iPad = "UIInterfaceOrientationPortrait UIInterfaceOrientationPortraitUpsideDown UIInterfaceOrientationLandscapeLeft UIInterfaceOrientationLandscapeRight";
				INFOPLIST_KEY_UISupportedInterfaceOrientations_iPhone = "UIInterfaceOrientationPortrait UIInterfaceOrientationLandscapeLeft UIInterfaceOrientationLandscapeRight";
				LD_RUNPATH_SEARCH_PATHS = (
					"$(inherited)",
					"@executable_path/Frameworks",
				);
				MARKETING_VERSION = 1.0;
				PRODUCT_BUNDLE_IDENTIFIER = wang.zhangjiawei.Sky;
				PRODUCT_NAME = "$(TARGET_NAME)";
				SWIFT_EMIT_LOC_STRINGS = YES;
				SWIFT_VERSION = 5.0;
				TARGETED_DEVICE_FAMILY = "1,2";
			};
			name = Debug;
		};
		6279F1C3287BAF5500BDF9F8 /* Release */ = {
			isa = XCBuildConfiguration;
			buildSettings = {
				ASSETCATALOG_COMPILER_APPICON_NAME = AppIcon;
				ASSETCATALOG_COMPILER_GLOBAL_ACCENT_COLOR_NAME = AccentColor;
				CODE_SIGN_STYLE = Automatic;
				CURRENT_PROJECT_VERSION = 1;
				DEVELOPMENT_TEAM = VSXCE62LRG;
				GENERATE_INFOPLIST_FILE = YES;
				INFOPLIST_FILE = Sky/Info.plist;
				INFOPLIST_KEY_UIApplicationSupportsIndirectInputEvents = YES;
				INFOPLIST_KEY_UILaunchStoryboardName = LaunchScreen;
				INFOPLIST_KEY_UIMainStoryboardFile = Main;
				INFOPLIST_KEY_UISupportedInterfaceOrientations_iPad = "UIInterfaceOrientationPortrait UIInterfaceOrientationPortraitUpsideDown UIInterfaceOrientationLandscapeLeft UIInterfaceOrientationLandscapeRight";
				INFOPLIST_KEY_UISupportedInterfaceOrientations_iPhone = "UIInterfaceOrientationPortrait UIInterfaceOrientationLandscapeLeft UIInterfaceOrientationLandscapeRight";
				LD_RUNPATH_SEARCH_PATHS = (
					"$(inherited)",
					"@executable_path/Frameworks",
				);
				MARKETING_VERSION = 1.0;
				PRODUCT_BUNDLE_IDENTIFIER = wang.zhangjiawei.Sky;
				PRODUCT_NAME = "$(TARGET_NAME)";
				SWIFT_EMIT_LOC_STRINGS = YES;
				SWIFT_VERSION = 5.0;
				TARGETED_DEVICE_FAMILY = "1,2";
			};
			name = Release;
		};
		6279F1C5287BAF5500BDF9F8 /* Debug */ = {
			isa = XCBuildConfiguration;
			buildSettings = {
				ALWAYS_EMBED_SWIFT_STANDARD_LIBRARIES = YES;
				BUNDLE_LOADER = "$(TEST_HOST)";
				CODE_SIGN_STYLE = Automatic;
				CURRENT_PROJECT_VERSION = 1;
				DEVELOPMENT_TEAM = VSXCE62LRG;
				GENERATE_INFOPLIST_FILE = YES;
				IPHONEOS_DEPLOYMENT_TARGET = 15.5;
				MARKETING_VERSION = 1.0;
				PRODUCT_BUNDLE_IDENTIFIER = wang.zhangjiawei.SkyTests;
				PRODUCT_NAME = "$(TARGET_NAME)";
				SWIFT_EMIT_LOC_STRINGS = NO;
				SWIFT_VERSION = 5.0;
				TARGETED_DEVICE_FAMILY = "1,2";
				TEST_HOST = "$(BUILT_PRODUCTS_DIR)/Sky.app/Sky";
			};
			name = Debug;
		};
		6279F1C6287BAF5500BDF9F8 /* Release */ = {
			isa = XCBuildConfiguration;
			buildSettings = {
				ALWAYS_EMBED_SWIFT_STANDARD_LIBRARIES = YES;
				BUNDLE_LOADER = "$(TEST_HOST)";
				CODE_SIGN_STYLE = Automatic;
				CURRENT_PROJECT_VERSION = 1;
				DEVELOPMENT_TEAM = VSXCE62LRG;
				GENERATE_INFOPLIST_FILE = YES;
				IPHONEOS_DEPLOYMENT_TARGET = 15.5;
				MARKETING_VERSION = 1.0;
				PRODUCT_BUNDLE_IDENTIFIER = wang.zhangjiawei.SkyTests;
				PRODUCT_NAME = "$(TARGET_NAME)";
				SWIFT_EMIT_LOC_STRINGS = NO;
				SWIFT_VERSION = 5.0;
				TARGETED_DEVICE_FAMILY = "1,2";
				TEST_HOST = "$(BUILT_PRODUCTS_DIR)/Sky.app/Sky";
			};
			name = Release;
		};
		6279F1C8287BAF5500BDF9F8 /* Debug */ = {
			isa = XCBuildConfiguration;
			buildSettings = {
				ALWAYS_EMBED_SWIFT_STANDARD_LIBRARIES = YES;
				CODE_SIGN_STYLE = Automatic;
				CURRENT_PROJECT_VERSION = 1;
				DEVELOPMENT_TEAM = VSXCE62LRG;
				GENERATE_INFOPLIST_FILE = YES;
				MARKETING_VERSION = 1.0;
				PRODUCT_BUNDLE_IDENTIFIER = wang.zhangjiawei.SkyUITests;
				PRODUCT_NAME = "$(TARGET_NAME)";
				SWIFT_EMIT_LOC_STRINGS = NO;
				SWIFT_VERSION = 5.0;
				TARGETED_DEVICE_FAMILY = "1,2";
				TEST_TARGET_NAME = Sky;
			};
			name = Debug;
		};
		6279F1C9287BAF5500BDF9F8 /* Release */ = {
			isa = XCBuildConfiguration;
			buildSettings = {
				ALWAYS_EMBED_SWIFT_STANDARD_LIBRARIES = YES;
				CODE_SIGN_STYLE = Automatic;
				CURRENT_PROJECT_VERSION = 1;
				DEVELOPMENT_TEAM = VSXCE62LRG;
				GENERATE_INFOPLIST_FILE = YES;
				MARKETING_VERSION = 1.0;
				PRODUCT_BUNDLE_IDENTIFIER = wang.zhangjiawei.SkyUITests;
				PRODUCT_NAME = "$(TARGET_NAME)";
				SWIFT_EMIT_LOC_STRINGS = NO;
				SWIFT_VERSION = 5.0;
				TARGETED_DEVICE_FAMILY = "1,2";
				TEST_TARGET_NAME = Sky;
			};
			name = Release;
		};
/* End XCBuildConfiguration section */

/* Begin XCConfigurationList section */
		6279F192287BAF5100BDF9F8 /* Build configuration list for PBXProject "Sky" */ = {
			isa = XCConfigurationList;
			buildConfigurations = (
				6279F1BF287BAF5500BDF9F8 /* Debug */,
				6279F1C0287BAF5500BDF9F8 /* Release */,
			);
			defaultConfigurationIsVisible = 0;
			defaultConfigurationName = Release;
		};
		6279F1C1287BAF5500BDF9F8 /* Build configuration list for PBXNativeTarget "Sky" */ = {
			isa = XCConfigurationList;
			buildConfigurations = (
				6279F1C2287BAF5500BDF9F8 /* Debug */,
				6279F1C3287BAF5500BDF9F8 /* Release */,
			);
			defaultConfigurationIsVisible = 0;
			defaultConfigurationName = Release;
		};
		6279F1C4287BAF5500BDF9F8 /* Build configuration list for PBXNativeTarget "SkyTests" */ = {
			isa = XCConfigurationList;
			buildConfigurations = (
				6279F1C5287BAF5500BDF9F8 /* Debug */,
				6279F1C6287BAF5500BDF9F8 /* Release */,
			);
			defaultConfigurationIsVisible = 0;
			defaultConfigurationName = Release;
		};
		6279F1C7287BAF5500BDF9F8 /* Build configuration list for PBXNativeTarget "SkyUITests" */ = {
			isa = XCConfigurationList;
			buildConfigurations = (
				6279F1C8287BAF5500BDF9F8 /* Debug */,
				6279F1C9287BAF5500BDF9F8 /* Release */,
			);
			defaultConfigurationIsVisible = 0;
			defaultConfigurationName = Release;
		};
/* End XCConfigurationList section */
	};
	rootObject = 6279F18F287BAF5100BDF9F8 /* Project object */;
}
