// !$*UTF8*$!
{
	archiveVersion = 1;
	classes = {
	};
	objectVersion = 50;
	objects = {

/* Begin PBXBuildFile section */
		948F7A89228E5806008BDBC8 /* AppDelegate.swift in Sources */ = {isa = PBXBuildFile; fileRef = 948F7A88228E5806008BDBC8 /* AppDelegate.swift */; };
		948F7A8B228E5806008BDBC8 /* ViewController.swift in Sources */ = {isa = PBXBuildFile; fileRef = 948F7A8A228E5806008BDBC8 /* ViewController.swift */; };
		948F7A8E228E5806008BDBC8 /* Main.storyboard in Resources */ = {isa = PBXBuildFile; fileRef = 948F7A8C228E5806008BDBC8 /* Main.storyboard */; };
		948F7A90228E5809008BDBC8 /* Assets.xcassets in Resources */ = {isa = PBXBuildFile; fileRef = 948F7A8F228E5809008BDBC8 /* Assets.xcassets */; };
		948F7A93228E5809008BDBC8 /* LaunchScreen.storyboard in Resources */ = {isa = PBXBuildFile; fileRef = 948F7A91228E5809008BDBC8 /* LaunchScreen.storyboard */; };
		948F7A9E228E5809008BDBC8 /* SkyTests.swift in Sources */ = {isa = PBXBuildFile; fileRef = 948F7A9D228E5809008BDBC8 /* SkyTests.swift */; };
		948F7AA9228E5809008BDBC8 /* SkyUITests.swift in Sources */ = {isa = PBXBuildFile; fileRef = 948F7AA8228E5809008BDBC8 /* SkyUITests.swift */; };
		948F7ABC228E59EA008BDBC8 /* Default-568h@2x.png in Resources */ = {isa = PBXBuildFile; fileRef = 948F7ABB228E59EA008BDBC8 /* Default-568h@2x.png */; };
		94BDB0ED2292A43C0071C5CC /* Configuration.swift in Sources */ = {isa = PBXBuildFile; fileRef = 94BDB0EC2292A43C0071C5CC /* Configuration.swift */; };
		94BDB0F02292A5620071C5CC /* Location.swift in Sources */ = {isa = PBXBuildFile; fileRef = 94BDB0EF2292A5620071C5CC /* Location.swift */; };
		94BDB0F22292A60F0071C5CC /* WeatherData.swift in Sources */ = {isa = PBXBuildFile; fileRef = 94BDB0F12292A60F0071C5CC /* WeatherData.swift */; };
/* End PBXBuildFile section */

/* Begin PBXContainerItemProxy section */
		948F7A9A228E5809008BDBC8 /* PBXContainerItemProxy */ = {
			isa = PBXContainerItemProxy;
			containerPortal = 948F7A7D228E5806008BDBC8 /* Project object */;
			proxyType = 1;
			remoteGlobalIDString = 948F7A84228E5806008BDBC8;
			remoteInfo = Sky;
		};
		948F7AA5228E5809008BDBC8 /* PBXContainerItemProxy */ = {
			isa = PBXContainerItemProxy;
			containerPortal = 948F7A7D228E5806008BDBC8 /* Project object */;
			proxyType = 1;
			remoteGlobalIDString = 948F7A84228E5806008BDBC8;
			remoteInfo = Sky;
		};
/* End PBXContainerItemProxy section */

/* Begin PBXFileReference section */
		948F7A85228E5806008BDBC8 /* Sky.app */ = {isa = PBXFileReference; explicitFileType = wrapper.application; includeInIndex = 0; path = Sky.app; sourceTree = BUILT_PRODUCTS_DIR; };
		948F7A88228E5806008BDBC8 /* AppDelegate.swift */ = {isa = PBXFileReference; lastKnownFileType = sourcecode.swift; path = AppDelegate.swift; sourceTree = "<group>"; };
		948F7A8A228E5806008BDBC8 /* ViewController.swift */ = {isa = PBXFileReference; lastKnownFileType = sourcecode.swift; path = ViewController.swift; sourceTree = "<group>"; };
		948F7A8D228E5806008BDBC8 /* Base */ = {isa = PBXFileReference; lastKnownFileType = file.storyboard; name = Base; path = Base.lproj/Main.storyboard; sourceTree = "<group>"; };
		948F7A8F228E5809008BDBC8 /* Assets.xcassets */ = {isa = PBXFileReference; lastKnownFileType = folder.assetcatalog; path = Assets.xcassets; sourceTree = "<group>"; };
		948F7A92228E5809008BDBC8 /* Base */ = {isa = PBXFileReference; lastKnownFileType = file.storyboard; name = Base; path = Base.lproj/LaunchScreen.storyboard; sourceTree = "<group>"; };
		948F7A94228E5809008BDBC8 /* Info.plist */ = {isa = PBXFileReference; lastKnownFileType = text.plist.xml; path = Info.plist; sourceTree = "<group>"; };
		948F7A99228E5809008BDBC8 /* SkyTests.xctest */ = {isa = PBXFileReference; explicitFileType = wrapper.cfbundle; includeInIndex = 0; path = SkyTests.xctest; sourceTree = BUILT_PRODUCTS_DIR; };
		948F7A9D228E5809008BDBC8 /* SkyTests.swift */ = {isa = PBXFileReference; lastKnownFileType = sourcecode.swift; path = SkyTests.swift; sourceTree = "<group>"; };
		948F7A9F228E5809008BDBC8 /* Info.plist */ = {isa = PBXFileReference; lastKnownFileType = text.plist.xml; path = Info.plist; sourceTree = "<group>"; };
		948F7AA4228E5809008BDBC8 /* SkyUITests.xctest */ = {isa = PBXFileReference; explicitFileType = wrapper.cfbundle; includeInIndex = 0; path = SkyUITests.xctest; sourceTree = BUILT_PRODUCTS_DIR; };
		948F7AA8228E5809008BDBC8 /* SkyUITests.swift */ = {isa = PBXFileReference; lastKnownFileType = sourcecode.swift; path = SkyUITests.swift; sourceTree = "<group>"; };
		948F7AAA228E5809008BDBC8 /* Info.plist */ = {isa = PBXFileReference; lastKnownFileType = text.plist.xml; path = Info.plist; sourceTree = "<group>"; };
		948F7ABB228E59EA008BDBC8 /* Default-568h@2x.png */ = {isa = PBXFileReference; lastKnownFileType = image.png; path = "Default-568h@2x.png"; sourceTree = "<group>"; };
		94BDB0EC2292A43C0071C5CC /* Configuration.swift */ = {isa = PBXFileReference; lastKnownFileType = sourcecode.swift; path = Configuration.swift; sourceTree = "<group>"; };
		94BDB0EF2292A5620071C5CC /* Location.swift */ = {isa = PBXFileReference; lastKnownFileType = sourcecode.swift; path = Location.swift; sourceTree = "<group>"; };
		94BDB0F12292A60F0071C5CC /* WeatherData.swift */ = {isa = PBXFileReference; lastKnownFileType = sourcecode.swift; path = WeatherData.swift; sourceTree = "<group>"; };
/* End PBXFileReference section */

/* Begin PBXFrameworksBuildPhase section */
		948F7A82228E5806008BDBC8 /* Frameworks */ = {
			isa = PBXFrameworksBuildPhase;
			buildActionMask = 2147483647;
			files = (
			);
			runOnlyForDeploymentPostprocessing = 0;
		};
		948F7A96228E5809008BDBC8 /* Frameworks */ = {
			isa = PBXFrameworksBuildPhase;
			buildActionMask = 2147483647;
			files = (
			);
			runOnlyForDeploymentPostprocessing = 0;
		};
		948F7AA1228E5809008BDBC8 /* Frameworks */ = {
			isa = PBXFrameworksBuildPhase;
			buildActionMask = 2147483647;
			files = (
			);
			runOnlyForDeploymentPostprocessing = 0;
		};
/* End PBXFrameworksBuildPhase section */

/* Begin PBXGroup section */
		948F7A7C228E5806008BDBC8 = {
			isa = PBXGroup;
			children = (
				948F7ABB228E59EA008BDBC8 /* Default-568h@2x.png */,
				948F7A87228E5806008BDBC8 /* Sky */,
				948F7A9C228E5809008BDBC8 /* SkyTests */,
				948F7AA7228E5809008BDBC8 /* SkyUITests */,
				948F7A86228E5806008BDBC8 /* Products */,
			);
			sourceTree = "<group>";
		};
		948F7A86228E5806008BDBC8 /* Products */ = {
			isa = PBXGroup;
			children = (
				948F7A85228E5806008BDBC8 /* Sky.app */,
				948F7A99228E5809008BDBC8 /* SkyTests.xctest */,
				948F7AA4228E5809008BDBC8 /* SkyUITests.xctest */,
			);
			name = Products;
			sourceTree = "<group>";
		};
		948F7A87228E5806008BDBC8 /* Sky */ = {
			isa = PBXGroup;
			children = (
				94BDB0EE2292A5310071C5CC /* Models */,
				94BDB0EB2292A3020071C5CC /* Configuration */,
				948F7ABA228E5955008BDBC8 /* ViewControllers */,
				948F7AB9228E593A008BDBC8 /* SupportingFiles */,
				948F7AB8228E591B008BDBC8 /* Storyboards */,
				948F7AB7228E590C008BDBC8 /* Resources */,
				948F7AB6228E58F0008BDBC8 /* Delegates */,
			);
			path = Sky;
			sourceTree = "<group>";
		};
		948F7A9C228E5809008BDBC8 /* SkyTests */ = {
			isa = PBXGroup;
			children = (
				948F7A9D228E5809008BDBC8 /* SkyTests.swift */,
				948F7A9F228E5809008BDBC8 /* Info.plist */,
			);
			path = SkyTests;
			sourceTree = "<group>";
		};
		948F7AA7228E5809008BDBC8 /* SkyUITests */ = {
			isa = PBXGroup;
			children = (
				948F7AA8228E5809008BDBC8 /* SkyUITests.swift */,
				948F7AAA228E5809008BDBC8 /* Info.plist */,
			);
			path = SkyUITests;
			sourceTree = "<group>";
		};
		948F7AB6228E58F0008BDBC8 /* Delegates */ = {
			isa = PBXGroup;
			children = (
				948F7A88228E5806008BDBC8 /* AppDelegate.swift */,
			);
			path = Delegates;
			sourceTree = "<group>";
		};
		948F7AB7228E590C008BDBC8 /* Resources */ = {
			isa = PBXGroup;
			children = (
				948F7A8F228E5809008BDBC8 /* Assets.xcassets */,
			);
			path = Resources;
			sourceTree = "<group>";
		};
		948F7AB8228E591B008BDBC8 /* Storyboards */ = {
			isa = PBXGroup;
			children = (
				948F7A8C228E5806008BDBC8 /* Main.storyboard */,
				948F7A91228E5809008BDBC8 /* LaunchScreen.storyboard */,
			);
			path = Storyboards;
			sourceTree = "<group>";
		};
		948F7AB9228E593A008BDBC8 /* SupportingFiles */ = {
			isa = PBXGroup;
			children = (
				948F7A94228E5809008BDBC8 /* Info.plist */,
			);
			path = SupportingFiles;
			sourceTree = "<group>";
		};
		948F7ABA228E5955008BDBC8 /* ViewControllers */ = {
			isa = PBXGroup;
			children = (
				948F7A8A228E5806008BDBC8 /* ViewController.swift */,
			);
			path = ViewControllers;
			sourceTree = "<group>";
		};
		94BDB0EB2292A3020071C5CC /* Configuration */ = {
			isa = PBXGroup;
			children = (
				94BDB0EC2292A43C0071C5CC /* Configuration.swift */,
			);
			path = Configuration;
			sourceTree = "<group>";
		};
		94BDB0EE2292A5310071C5CC /* Models */ = {
			isa = PBXGroup;
			children = (
				94BDB0EF2292A5620071C5CC /* Location.swift */,
				94BDB0F12292A60F0071C5CC /* WeatherData.swift */,
			);
			path = Models;
			sourceTree = "<group>";
		};
/* End PBXGroup section */

/* Begin PBXNativeTarget section */
		948F7A84228E5806008BDBC8 /* Sky */ = {
			isa = PBXNativeTarget;
			buildConfigurationList = 948F7AAD228E5809008BDBC8 /* Build configuration list for PBXNativeTarget "Sky" */;
			buildPhases = (
				948F7A81228E5806008BDBC8 /* Sources */,
				948F7A82228E5806008BDBC8 /* Frameworks */,
				948F7A83228E5806008BDBC8 /* Resources */,
			);
			buildRules = (
			);
			dependencies = (
			);
			name = Sky;
			productName = Sky;
			productReference = 948F7A85228E5806008BDBC8 /* Sky.app */;
			productType = "com.apple.product-type.application";
		};
		948F7A98228E5809008BDBC8 /* SkyTests */ = {
			isa = PBXNativeTarget;
			buildConfigurationList = 948F7AB0228E5809008BDBC8 /* Build configuration list for PBXNativeTarget "SkyTests" */;
			buildPhases = (
				948F7A95228E5809008BDBC8 /* Sources */,
				948F7A96228E5809008BDBC8 /* Frameworks */,
				948F7A97228E5809008BDBC8 /* Resources */,
			);
			buildRules = (
			);
			dependencies = (
				948F7A9B228E5809008BDBC8 /* PBXTargetDependency */,
			);
			name = SkyTests;
			productName = SkyTests;
			productReference = 948F7A99228E5809008BDBC8 /* SkyTests.xctest */;
			productType = "com.apple.product-type.bundle.unit-test";
		};
		948F7AA3228E5809008BDBC8 /* SkyUITests */ = {
			isa = PBXNativeTarget;
			buildConfigurationList = 948F7AB3228E5809008BDBC8 /* Build configuration list for PBXNativeTarget "SkyUITests" */;
			buildPhases = (
				948F7AA0228E5809008BDBC8 /* Sources */,
				948F7AA1228E5809008BDBC8 /* Frameworks */,
				948F7AA2228E5809008BDBC8 /* Resources */,
			);
			buildRules = (
			);
			dependencies = (
				948F7AA6228E5809008BDBC8 /* PBXTargetDependency */,
			);
			name = SkyUITests;
			productName = SkyUITests;
			productReference = 948F7AA4228E5809008BDBC8 /* SkyUITests.xctest */;
			productType = "com.apple.product-type.bundle.ui-testing";
		};
/* End PBXNativeTarget section */

/* Begin PBXProject section */
		948F7A7D228E5806008BDBC8 /* Project object */ = {
			isa = PBXProject;
			attributes = {
				LastSwiftUpdateCheck = 1020;
				LastUpgradeCheck = 1020;
				ORGANIZATIONNAME = ZhangJiawei;
				TargetAttributes = {
					948F7A84228E5806008BDBC8 = {
						CreatedOnToolsVersion = 10.2.1;
					};
					948F7A98228E5809008BDBC8 = {
						CreatedOnToolsVersion = 10.2.1;
						TestTargetID = 948F7A84228E5806008BDBC8;
					};
					948F7AA3228E5809008BDBC8 = {
						CreatedOnToolsVersion = 10.2.1;
						TestTargetID = 948F7A84228E5806008BDBC8;
					};
				};
			};
			buildConfigurationList = 948F7A80228E5806008BDBC8 /* Build configuration list for PBXProject "Sky" */;
			compatibilityVersion = "Xcode 9.3";
			developmentRegion = en;
			hasScannedForEncodings = 0;
			knownRegions = (
				en,
				Base,
			);
			mainGroup = 948F7A7C228E5806008BDBC8;
			productRefGroup = 948F7A86228E5806008BDBC8 /* Products */;
			projectDirPath = "";
			projectRoot = "";
			targets = (
				948F7A84228E5806008BDBC8 /* Sky */,
				948F7A98228E5809008BDBC8 /* SkyTests */,
				948F7AA3228E5809008BDBC8 /* SkyUITests */,
			);
		};
/* End PBXProject section */

/* Begin PBXResourcesBuildPhase section */
		948F7A83228E5806008BDBC8 /* Resources */ = {
			isa = PBXResourcesBuildPhase;
			buildActionMask = 2147483647;
			files = (
				948F7A93228E5809008BDBC8 /* LaunchScreen.storyboard in Resources */,
				948F7ABC228E59EA008BDBC8 /* Default-568h@2x.png in Resources */,
				948F7A90228E5809008BDBC8 /* Assets.xcassets in Resources */,
				948F7A8E228E5806008BDBC8 /* Main.storyboard in Resources */,
			);
			runOnlyForDeploymentPostprocessing = 0;
		};
		948F7A97228E5809008BDBC8 /* Resources */ = {
			isa = PBXResourcesBuildPhase;
			buildActionMask = 2147483647;
			files = (
			);
			runOnlyForDeploymentPostprocessing = 0;
		};
		948F7AA2228E5809008BDBC8 /* Resources */ = {
			isa = PBXResourcesBuildPhase;
			buildActionMask = 2147483647;
			files = (
			);
			runOnlyForDeploymentPostprocessing = 0;
		};
/* End PBXResourcesBuildPhase section */

/* Begin PBXSourcesBuildPhase section */
		948F7A81228E5806008BDBC8 /* Sources */ = {
			isa = PBXSourcesBuildPhase;
			buildActionMask = 2147483647;
			files = (
				94BDB0ED2292A43C0071C5CC /* Configuration.swift in Sources */,
				94BDB0F22292A60F0071C5CC /* WeatherData.swift in Sources */,
				948F7A8B228E5806008BDBC8 /* ViewController.swift in Sources */,
				94BDB0F02292A5620071C5CC /* Location.swift in Sources */,
				948F7A89228E5806008BDBC8 /* AppDelegate.swift in Sources */,
			);
			runOnlyForDeploymentPostprocessing = 0;
		};
		948F7A95228E5809008BDBC8 /* Sources */ = {
			isa = PBXSourcesBuildPhase;
			buildActionMask = 2147483647;
			files = (
				948F7A9E228E5809008BDBC8 /* SkyTests.swift in Sources */,
			);
			runOnlyForDeploymentPostprocessing = 0;
		};
		948F7AA0228E5809008BDBC8 /* Sources */ = {
			isa = PBXSourcesBuildPhase;
			buildActionMask = 2147483647;
			files = (
				948F7AA9228E5809008BDBC8 /* SkyUITests.swift in Sources */,
			);
			runOnlyForDeploymentPostprocessing = 0;
		};
/* End PBXSourcesBuildPhase section */

/* Begin PBXTargetDependency section */
		948F7A9B228E5809008BDBC8 /* PBXTargetDependency */ = {
			isa = PBXTargetDependency;
			target = 948F7A84228E5806008BDBC8 /* Sky */;
			targetProxy = 948F7A9A228E5809008BDBC8 /* PBXContainerItemProxy */;
		};
		948F7AA6228E5809008BDBC8 /* PBXTargetDependency */ = {
			isa = PBXTargetDependency;
			target = 948F7A84228E5806008BDBC8 /* Sky */;
			targetProxy = 948F7AA5228E5809008BDBC8 /* PBXContainerItemProxy */;
		};
/* End PBXTargetDependency section */

/* Begin PBXVariantGroup section */
		948F7A8C228E5806008BDBC8 /* Main.storyboard */ = {
			isa = PBXVariantGroup;
			children = (
				948F7A8D228E5806008BDBC8 /* Base */,
			);
			name = Main.storyboard;
			sourceTree = "<group>";
		};
		948F7A91228E5809008BDBC8 /* LaunchScreen.storyboard */ = {
			isa = PBXVariantGroup;
			children = (
				948F7A92228E5809008BDBC8 /* Base */,
			);
			name = LaunchScreen.storyboard;
			sourceTree = "<group>";
		};
/* End PBXVariantGroup section */

/* Begin XCBuildConfiguration section */
		948F7AAB228E5809008BDBC8 /* Debug */ = {
			isa = XCBuildConfiguration;
			buildSettings = {
				ALWAYS_SEARCH_USER_PATHS = NO;
				CLANG_ANALYZER_NONNULL = YES;
				CLANG_ANALYZER_NUMBER_OBJECT_CONVERSION = YES_AGGRESSIVE;
				CLANG_CXX_LANGUAGE_STANDARD = "gnu++14";
				CLANG_CXX_LIBRARY = "libc++";
				CLANG_ENABLE_MODULES = YES;
				CLANG_ENABLE_OBJC_ARC = YES;
				CLANG_ENABLE_OBJC_WEAK = YES;
				CLANG_WARN_BLOCK_CAPTURE_AUTORELEASING = YES;
				CLANG_WARN_BOOL_CONVERSION = YES;
				CLANG_WARN_COMMA = YES;
				CLANG_WARN_CONSTANT_CONVERSION = YES;
				CLANG_WARN_DEPRECATED_OBJC_IMPLEMENTATIONS = YES;
				CLANG_WARN_DIRECT_OBJC_ISA_USAGE = YES_ERROR;
				CLANG_WARN_DOCUMENTATION_COMMENTS = YES;
				CLANG_WARN_EMPTY_BODY = YES;
				CLANG_WARN_ENUM_CONVERSION = YES;
				CLANG_WARN_INFINITE_RECURSION = YES;
				CLANG_WARN_INT_CONVERSION = YES;
				CLANG_WARN_NON_LITERAL_NULL_CONVERSION = YES;
				CLANG_WARN_OBJC_IMPLICIT_RETAIN_SELF = YES;
				CLANG_WARN_OBJC_LITERAL_CONVERSION = YES;
				CLANG_WARN_OBJC_ROOT_CLASS = YES_ERROR;
				CLANG_WARN_RANGE_LOOP_ANALYSIS = YES;
				CLANG_WARN_STRICT_PROTOTYPES = YES;
				CLANG_WARN_SUSPICIOUS_MOVE = YES;
				CLANG_WARN_UNGUARDED_AVAILABILITY = YES_AGGRESSIVE;
				CLANG_WARN_UNREACHABLE_CODE = YES;
				CLANG_WARN__DUPLICATE_METHOD_MATCH = YES;
				CODE_SIGN_IDENTITY = "iPhone Developer";
				COPY_PHASE_STRIP = NO;
				DEBUG_INFORMATION_FORMAT = dwarf;
				ENABLE_STRICT_OBJC_MSGSEND = YES;
				ENABLE_TESTABILITY = YES;
				GCC_C_LANGUAGE_STANDARD = gnu11;
				GCC_DYNAMIC_NO_PIC = NO;
				GCC_NO_COMMON_BLOCKS = YES;
				GCC_OPTIMIZATION_LEVEL = 0;
				GCC_PREPROCESSOR_DEFINITIONS = (
					"DEBUG=1",
					"$(inherited)",
				);
				GCC_WARN_64_TO_32_BIT_CONVERSION = YES;
				GCC_WARN_ABOUT_RETURN_TYPE = YES_ERROR;
				GCC_WARN_UNDECLARED_SELECTOR = YES;
				GCC_WARN_UNINITIALIZED_AUTOS = YES_AGGRESSIVE;
				GCC_WARN_UNUSED_FUNCTION = YES;
				GCC_WARN_UNUSED_VARIABLE = YES;
				IPHONEOS_DEPLOYMENT_TARGET = 12.2;
				MTL_ENABLE_DEBUG_INFO = INCLUDE_SOURCE;
				MTL_FAST_MATH = YES;
				ONLY_ACTIVE_ARCH = YES;
				SDKROOT = iphoneos;
				SWIFT_ACTIVE_COMPILATION_CONDITIONS = DEBUG;
				SWIFT_OPTIMIZATION_LEVEL = "-Onone";
			};
			name = Debug;
		};
		948F7AAC228E5809008BDBC8 /* Release */ = {
			isa = XCBuildConfiguration;
			buildSettings = {
				ALWAYS_SEARCH_USER_PATHS = NO;
				CLANG_ANALYZER_NONNULL = YES;
				CLANG_ANALYZER_NUMBER_OBJECT_CONVERSION = YES_AGGRESSIVE;
				CLANG_CXX_LANGUAGE_STANDARD = "gnu++14";
				CLANG_CXX_LIBRARY = "libc++";
				CLANG_ENABLE_MODULES = YES;
				CLANG_ENABLE_OBJC_ARC = YES;
				CLANG_ENABLE_OBJC_WEAK = YES;
				CLANG_WARN_BLOCK_CAPTURE_AUTORELEASING = YES;
				CLANG_WARN_BOOL_CONVERSION = YES;
				CLANG_WARN_COMMA = YES;
				CLANG_WARN_CONSTANT_CONVERSION = YES;
				CLANG_WARN_DEPRECATED_OBJC_IMPLEMENTATIONS = YES;
				CLANG_WARN_DIRECT_OBJC_ISA_USAGE = YES_ERROR;
				CLANG_WARN_DOCUMENTATION_COMMENTS = YES;
				CLANG_WARN_EMPTY_BODY = YES;
				CLANG_WARN_ENUM_CONVERSION = YES;
				CLANG_WARN_INFINITE_RECURSION = YES;
				CLANG_WARN_INT_CONVERSION = YES;
				CLANG_WARN_NON_LITERAL_NULL_CONVERSION = YES;
				CLANG_WARN_OBJC_IMPLICIT_RETAIN_SELF = YES;
				CLANG_WARN_OBJC_LITERAL_CONVERSION = YES;
				CLANG_WARN_OBJC_ROOT_CLASS = YES_ERROR;
				CLANG_WARN_RANGE_LOOP_ANALYSIS = YES;
				CLANG_WARN_STRICT_PROTOTYPES = YES;
				CLANG_WARN_SUSPICIOUS_MOVE = YES;
				CLANG_WARN_UNGUARDED_AVAILABILITY = YES_AGGRESSIVE;
				CLANG_WARN_UNREACHABLE_CODE = YES;
				CLANG_WARN__DUPLICATE_METHOD_MATCH = YES;
				CODE_SIGN_IDENTITY = "iPhone Developer";
				COPY_PHASE_STRIP = NO;
				DEBUG_INFORMATION_FORMAT = "dwarf-with-dsym";
				ENABLE_NS_ASSERTIONS = NO;
				ENABLE_STRICT_OBJC_MSGSEND = YES;
				GCC_C_LANGUAGE_STANDARD = gnu11;
				GCC_NO_COMMON_BLOCKS = YES;
				GCC_WARN_64_TO_32_BIT_CONVERSION = YES;
				GCC_WARN_ABOUT_RETURN_TYPE = YES_ERROR;
				GCC_WARN_UNDECLARED_SELECTOR = YES;
				GCC_WARN_UNINITIALIZED_AUTOS = YES_AGGRESSIVE;
				GCC_WARN_UNUSED_FUNCTION = YES;
				GCC_WARN_UNUSED_VARIABLE = YES;
				IPHONEOS_DEPLOYMENT_TARGET = 12.2;
				MTL_ENABLE_DEBUG_INFO = NO;
				MTL_FAST_MATH = YES;
				SDKROOT = iphoneos;
				SWIFT_COMPILATION_MODE = wholemodule;
				SWIFT_OPTIMIZATION_LEVEL = "-O";
				VALIDATE_PRODUCT = YES;
			};
			name = Release;
		};
		948F7AAE228E5809008BDBC8 /* Debug */ = {
			isa = XCBuildConfiguration;
			buildSettings = {
				ASSETCATALOG_COMPILER_APPICON_NAME = AppIcon;
				CODE_SIGN_STYLE = Automatic;
				INFOPLIST_FILE = Sky/SupportingFiles/Info.plist;
				LD_RUNPATH_SEARCH_PATHS = (
					"$(inherited)",
					"@executable_path/Frameworks",
				);
				PRODUCT_BUNDLE_IDENTIFIER = wang.zhangjiawei.Sky;
				PRODUCT_NAME = "$(TARGET_NAME)";
				SWIFT_VERSION = 5.0;
				TARGETED_DEVICE_FAMILY = "1,2";
			};
			name = Debug;
		};
		948F7AAF228E5809008BDBC8 /* Release */ = {
			isa = XCBuildConfiguration;
			buildSettings = {
				ASSETCATALOG_COMPILER_APPICON_NAME = AppIcon;
				CODE_SIGN_STYLE = Automatic;
				INFOPLIST_FILE = Sky/SupportingFiles/Info.plist;
				LD_RUNPATH_SEARCH_PATHS = (
					"$(inherited)",
					"@executable_path/Frameworks",
				);
				PRODUCT_BUNDLE_IDENTIFIER = wang.zhangjiawei.Sky;
				PRODUCT_NAME = "$(TARGET_NAME)";
				SWIFT_VERSION = 5.0;
				TARGETED_DEVICE_FAMILY = "1,2";
			};
			name = Release;
		};
		948F7AB1228E5809008BDBC8 /* Debug */ = {
			isa = XCBuildConfiguration;
			buildSettings = {
				ALWAYS_EMBED_SWIFT_STANDARD_LIBRARIES = YES;
				BUNDLE_LOADER = "$(TEST_HOST)";
				CODE_SIGN_STYLE = Automatic;
				INFOPLIST_FILE = SkyTests/Info.plist;
				LD_RUNPATH_SEARCH_PATHS = (
					"$(inherited)",
					"@executable_path/Frameworks",
					"@loader_path/Frameworks",
				);
				PRODUCT_BUNDLE_IDENTIFIER = wang.zhangjiawei.SkyTests;
				PRODUCT_NAME = "$(TARGET_NAME)";
				SWIFT_VERSION = 5.0;
				TARGETED_DEVICE_FAMILY = "1,2";
				TEST_HOST = "$(BUILT_PRODUCTS_DIR)/Sky.app/Sky";
			};
			name = Debug;
		};
		948F7AB2228E5809008BDBC8 /* Release */ = {
			isa = XCBuildConfiguration;
			buildSettings = {
				ALWAYS_EMBED_SWIFT_STANDARD_LIBRARIES = YES;
				BUNDLE_LOADER = "$(TEST_HOST)";
				CODE_SIGN_STYLE = Automatic;
				INFOPLIST_FILE = SkyTests/Info.plist;
				LD_RUNPATH_SEARCH_PATHS = (
					"$(inherited)",
					"@executable_path/Frameworks",
					"@loader_path/Frameworks",
				);
				PRODUCT_BUNDLE_IDENTIFIER = wang.zhangjiawei.SkyTests;
				PRODUCT_NAME = "$(TARGET_NAME)";
				SWIFT_VERSION = 5.0;
				TARGETED_DEVICE_FAMILY = "1,2";
				TEST_HOST = "$(BUILT_PRODUCTS_DIR)/Sky.app/Sky";
			};
			name = Release;
		};
		948F7AB4228E5809008BDBC8 /* Debug */ = {
			isa = XCBuildConfiguration;
			buildSettings = {
				ALWAYS_EMBED_SWIFT_STANDARD_LIBRARIES = YES;
				CODE_SIGN_STYLE = Automatic;
				INFOPLIST_FILE = SkyUITests/Info.plist;
				LD_RUNPATH_SEARCH_PATHS = (
					"$(inherited)",
					"@executable_path/Frameworks",
					"@loader_path/Frameworks",
				);
				PRODUCT_BUNDLE_IDENTIFIER = wang.zhangjiawei.SkyUITests;
				PRODUCT_NAME = "$(TARGET_NAME)";
				SWIFT_VERSION = 5.0;
				TARGETED_DEVICE_FAMILY = "1,2";
				TEST_TARGET_NAME = Sky;
			};
			name = Debug;
		};
		948F7AB5228E5809008BDBC8 /* Release */ = {
			isa = XCBuildConfiguration;
			buildSettings = {
				ALWAYS_EMBED_SWIFT_STANDARD_LIBRARIES = YES;
				CODE_SIGN_STYLE = Automatic;
				INFOPLIST_FILE = SkyUITests/Info.plist;
				LD_RUNPATH_SEARCH_PATHS = (
					"$(inherited)",
					"@executable_path/Frameworks",
					"@loader_path/Frameworks",
				);
				PRODUCT_BUNDLE_IDENTIFIER = wang.zhangjiawei.SkyUITests;
				PRODUCT_NAME = "$(TARGET_NAME)";
				SWIFT_VERSION = 5.0;
				TARGETED_DEVICE_FAMILY = "1,2";
				TEST_TARGET_NAME = Sky;
			};
			name = Release;
		};
/* End XCBuildConfiguration section */

/* Begin XCConfigurationList section */
		948F7A80228E5806008BDBC8 /* Build configuration list for PBXProject "Sky" */ = {
			isa = XCConfigurationList;
			buildConfigurations = (
				948F7AAB228E5809008BDBC8 /* Debug */,
				948F7AAC228E5809008BDBC8 /* Release */,
			);
			defaultConfigurationIsVisible = 0;
			defaultConfigurationName = Release;
		};
		948F7AAD228E5809008BDBC8 /* Build configuration list for PBXNativeTarget "Sky" */ = {
			isa = XCConfigurationList;
			buildConfigurations = (
				948F7AAE228E5809008BDBC8 /* Debug */,
				948F7AAF228E5809008BDBC8 /* Release */,
			);
			defaultConfigurationIsVisible = 0;
			defaultConfigurationName = Release;
		};
		948F7AB0228E5809008BDBC8 /* Build configuration list for PBXNativeTarget "SkyTests" */ = {
			isa = XCConfigurationList;
			buildConfigurations = (
				948F7AB1228E5809008BDBC8 /* Debug */,
				948F7AB2228E5809008BDBC8 /* Release */,
			);
			defaultConfigurationIsVisible = 0;
			defaultConfigurationName = Release;
		};
		948F7AB3228E5809008BDBC8 /* Build configuration list for PBXNativeTarget "SkyUITests" */ = {
			isa = XCConfigurationList;
			buildConfigurations = (
				948F7AB4228E5809008BDBC8 /* Debug */,
				948F7AB5228E5809008BDBC8 /* Release */,
			);
			defaultConfigurationIsVisible = 0;
			defaultConfigurationName = Release;
		};
/* End XCConfigurationList section */
	};
	rootObject = 948F7A7D228E5806008BDBC8 /* Project object */;
}
